
Microsoft Visual Studio Solution File, Format Version 12.00
# Visual Studio 14
VisualStudioVersion = 14.0.25123.0
MinimumVisualStudioVersion = 10.0.40219.1
Project("{7E9186E1-A906-42DD-8197-1258B9ACC329}") = "Sitecore.Support.60399", "Sitecore.Support.60399\Sitecore.Support.60399.csproj", "{9975C10E-B683-4982-80A5-38FADDC99548}"
EndProject
Global
	GlobalSection(SolutionConfigurationPlatforms) = preSolution
		Debug|Any CPU = Debug|Any CPU
		Release|Any CPU = Release|Any CPU
	EndGlobalSection
	GlobalSection(ProjectConfigurationPlatforms) = postSolution
		{9975C10E-B683-4982-80A5-38FADDC99548}.Debug|Any CPU.ActiveCfg = Debug|Any CPU
		{9975C10E-B683-4982-80A5-38FADDC99548}.Debug|Any CPU.Build.0 = Debug|Any CPU
		{9975C10E-B683-4982-80A5-38FADDC99548}.Release|Any CPU.ActiveCfg = Release|Any CPU
		{9975C10E-B683-4982-80A5-38FADDC99548}.Release|Any CPU.Build.0 = Release|Any CPU
	EndGlobalSection
	GlobalSection(SolutionProperties) = preSolution
		HideSolutionNode = FALSE
	EndGlobalSection
EndGlobal
